{
  "nodes": {
    "nixpkgs-unstable": {
      "locked": {
        "lastModified": 1730449684,
        "narHash": "sha256-Hlv3rTPxnO+DpKRXw9yjzERLdk05h7+fEbZxWM2taCw=",
        "owner": "nixos",
        "repo": "nixpkgs",
        "rev": "ab464abbeb3a2833288c6e907488c49c2e599f88",
        "type": "github"
      },
      "original": {
        "owner": "nixos",
        "ref": "nixos-unstable-small",
        "repo": "nixpkgs",
        "type": "github"
      }
    },
    "root": {
      "inputs": {
        "nixpkgs-unstable": "nixpkgs-unstable"
      }
    }
  },
  "root": "root",
  "version": 7
}
